
Microsoft Visual Studio Solution File, Format Version 12.00
# Visual Studio 15
VisualStudioVersion = 15.0.28307.168
MinimumVisualStudioVersion = 10.0.40219.1
Project("{E24C65DC-7377-472B-9ABA-BC803B73C61A}") = "blog", "blog\", "{F5D3D725-43EA-4B0E-9543-8AE9CE5BE254}"
	ProjectSection(WebsiteProperties) = preProject
		TargetFrameworkMoniker = ".NETFramework,Version%3Dv4.6.1"
		Debug.AspNetCompiler.VirtualPath = "/localhost_52559"
		Debug.AspNetCompiler.PhysicalPath = "blog\"
		Debug.AspNetCompiler.TargetPath = "PrecompiledWeb\localhost_52559\"
		Debug.AspNetCompiler.Updateable = "true"
		Debug.AspNetCompiler.ForceOverwrite = "true"
		Debug.AspNetCompiler.FixedNames = "false"
		Debug.AspNetCompiler.Debug = "True"
		Release.AspNetCompiler.VirtualPath = "/localhost_52559"
		Release.AspNetCompiler.PhysicalPath = "blog\"
		Release.AspNetCompiler.TargetPath = "PrecompiledWeb\localhost_52559\"
		Release.AspNetCompiler.Updateable = "true"
		Release.AspNetCompiler.ForceOverwrite = "true"
		Release.AspNetCompiler.FixedNames = "false"
		Release.AspNetCompiler.Debug = "False"
		VWDPort = "52559"
		SlnRelativePath = "blog\"
		DefaultWebSiteLanguage = "Visual C#"
	EndProjectSection
EndProject
Global
	GlobalSection(SolutionConfigurationPlatforms) = preSolution
		Debug|Any CPU = Debug|Any CPU
	EndGlobalSection
	GlobalSection(ProjectConfigurationPlatforms) = postSolution
		{F5D3D725-43EA-4B0E-9543-8AE9CE5BE254}.Debug|Any CPU.ActiveCfg = Debug|Any CPU
		{F5D3D725-43EA-4B0E-9543-8AE9CE5BE254}.Debug|Any CPU.Build.0 = Debug|Any CPU
	EndGlobalSection
	GlobalSection(SolutionProperties) = preSolution
		HideSolutionNode = FALSE
	EndGlobalSection
	GlobalSection(ExtensibilityGlobals) = postSolution
		SolutionGuid = {00A1C4DB-F2E3-4A0E-B3A0-146F57D3E178}
	EndGlobalSection
EndGlobal
